
Microsoft Visual Studio Solution File, Format Version 12.00
# Visual Studio Version 17
VisualStudioVersion = 17.13.35818.85
MinimumVisualStudioVersion = 10.0.40219.1
Project("{FAE04EC0-301F-11D3-BF4B-00C04F79EFBC}") = "DUTEventManagementAPI", "DUTEventManagementAPI.csproj", "{D0E01346-E5C0-45EC-ACAB-452EB4F2BFFB}"
EndProject
Global
	GlobalSection(SolutionConfigurationPlatforms) = preSolution
		Debug|Any CPU = Debug|Any CPU
		Release|Any CPU = Release|Any CPU
	EndGlobalSection
	GlobalSection(ProjectConfigurationPlatforms) = postSolution
		{D0E01346-E5C0-45EC-ACAB-452EB4F2BFFB}.Debug|Any CPU.ActiveCfg = Debug|Any CPU
		{D0E01346-E5C0-45EC-ACAB-452EB4F2BFFB}.Debug|Any CPU.Build.0 = Debug|Any CPU
		{D0E01346-E5C0-45EC-ACAB-452EB4F2BFFB}.Release|Any CPU.ActiveCfg = Release|Any CPU
		{D0E01346-E5C0-45EC-ACAB-452EB4F2BFFB}.Release|Any CPU.Build.0 = Release|Any CPU
	EndGlobalSection
	GlobalSection(SolutionProperties) = preSolution
		HideSolutionNode = FALSE
	EndGlobalSection
	GlobalSection(ExtensibilityGlobals) = postSolution
		SolutionGuid = {5A27E6FD-DD1F-4962-A287-E96F69F8366B}
	EndGlobalSection
EndGlobal
